{
  "nodes": {
    "nixpkgs": {
      "locked": {
        "lastModified": 1770115704,
        "narHash": "sha256-KHFT9UWOF2yRPlAnSXQJh6uVcgNcWlFqqiAZ7OVlHNc=",
        "owner": "nixos",
        "repo": "nixpkgs",
        "rev": "e6eae2ee2110f3d31110d5c222cd395303343b08",
        "type": "github"
      },
      "original": {
        "owner": "nixos",
        "ref": "nixos-unstable",
        "repo": "nixpkgs",
        "type": "github"
      }
    },
    "root": {
      "inputs": {
        "nixpkgs": "nixpkgs",
        "star-cl": "star-cl"
      }
    },
    "star-cl": {
      "inputs": {
        "nixpkgs": [
          "nixpkgs"
        ]
      },
      "locked": {
        "lastModified": 1786244418,
        "narHash": "sha256-CJMDv+FVsrSTIolKxOS7DIRrPxI70uE/YRvoDBtucAY=",
        "owner": "lost-rob0t",
        "repo": "star-cl",
        "rev": "b8dfbe2f9f56065ace8c3313b92ca748a115cdfa",
        "type": "github"
      },
      "original": {
        "owner": "lost-rob0t",
        "repo": "star-cl",
        "type": "github"
      }
    }
  },
  "root": "root",
  "version": 7
}
