{
  "nodes": {
    "nixpkgs": {
      "locked": {
        "lastModified": 1712363676,
        "narHash": "sha256-mJHVU3oUKvNxsX8NvngECz6+BTUezCZEZI786bLMFow=",
        "owner": "nixos",
        "repo": "nixpkgs",
        "rev": "ee3f61aa7153610bb849dccdf2d48082b258f91b",
        "type": "github"
      },
      "original": {
        "owner": "nixos",
        "repo": "nixpkgs",
        "type": "github"
      }
    },
    "root": {
      "inputs": {
        "nixpkgs": "nixpkgs"
      }
    }
  },
  "root": "root",
  "version": 7
}
