("quicklisp" .
 (:class qlot/source/dist:source-dist
  :initargs (:distribution "https://beta.quicklisp.org/dist/quicklisp.txt" :%version :latest)
  :version "2023-10-21"))
("cl-couch" .
 (:class qlot/source/github:source-github
  :initargs (:repos "lost-rob0t/cl-couch" :ref nil :branch "master" :tag nil)
  :version "github-48c11271cf9ddd91f64a2f9ec007084cb9655d36"))
("starintel" .
 (:class qlot/source/github:source-github
  :initargs (:repos "lost-rob0t/star-cl" :ref nil :branch "master" :tag nil)
  :version "github-80fd138489544f56dc8351ce39b2d6be14e57128"))
("clack" .
 (:class qlot/source/ql:source-ql
  :initargs (:%version :latest)
  :version "ql-2023-10-21"))
("ningle" .
 (:class qlot/source/ql:source-ql
  :initargs (:%version :latest)
  :version "ql-2023-10-21"))
("babel" .
 (:class qlot/source/ql:source-ql
  :initargs (:%version :latest)
  :version "ql-2023-10-21"))
("anypool" .
 (:class qlot/source/ql:source-ql
  :initargs (:%version :latest)
  :version "ql-2023-10-21"))
("alexandria" .
 (:class qlot/source/ql:source-ql
  :initargs (:%version :latest)
  :version "ql-2023-10-21"))
("serapeum" .
 (:class qlot/source/ql:source-ql
  :initargs (:%version :latest)
  :version "ql-2023-10-21"))
("hunchentoot" .
 (:class qlot/source/ql:source-ql
  :initargs (:%version :latest)
  :version "ql-2023-10-21"))
("cl-json" .
 (:class qlot/source/ql:source-ql
  :initargs (:%version :latest)
  :version "ql-2023-10-21"))
("jsown" .
 (:class qlot/source/ql:source-ql
  :initargs (:%version :latest)
  :version "ql-2023-10-21"))
("sento" .
 (:class qlot/source/github:source-github
  :initargs (:repos "mdbergmann/cl-gserver" :ref nil :branch "master" :tag nil)
  :version "github-bcd08c513e4899d7be487e62c77434627a18b3e1"))
("cl-ulid" .
 (:class qlot/source/github:source-github
  :initargs (:repos "ulid/spec" :ref "d0c7170df4517939e70129b4d6462cc162f2d5bf" :branch nil :tag nil)
  :version "github-d0c7170df4517939e70129b4d6462cc162f2d5bf"))
("cl-rabbit" .
 (:class qlot/source/github:source-github
  :initargs (:repos "lokedhs/cl-rabbit" :ref "9603204715bb13f09243dc286c5ad4bd51b4fd7b" :branch nil :tag nil)
  :version "github-9603204715bb13f09243dc286c5ad4bd51b4fd7b"))
